// !$*UTF8*$!
{
	archiveVersion = 1;
	classes = {
	};
	objectVersion = 46;
	objects = {

/* Begin PBXBuildFile section */
		13176E611B2E33F70029680E /* AppDelegate.swift in Sources */ = {isa = PBXBuildFile; fileRef = 13176E601B2E33F70029680E /* AppDelegate.swift */; };
		13176E631B2E33F70029680E /* ViewController.swift in Sources */ = {isa = PBXBuildFile; fileRef = 13176E621B2E33F70029680E /* ViewController.swift */; };
		13176E661B2E33F70029680E /* Main.storyboard in Resources */ = {isa = PBXBuildFile; fileRef = 13176E641B2E33F70029680E /* Main.storyboard */; };
		13176E681B2E33F70029680E /* Images.xcassets in Resources */ = {isa = PBXBuildFile; fileRef = 13176E671B2E33F70029680E /* Images.xcassets */; };
		13176E6B1B2E33F70029680E /* LaunchScreen.xib in Resources */ = {isa = PBXBuildFile; fileRef = 13176E691B2E33F70029680E /* LaunchScreen.xib */; };
		13176E771B2E33F70029680E /* PostcardTests.swift in Sources */ = {isa = PBXBuildFile; fileRef = 13176E761B2E33F70029680E /* PostcardTests.swift */; };
/* End PBXBuildFile section */

/* Begin PBXContainerItemProxy section */
		13176E711B2E33F70029680E /* PBXContainerItemProxy */ = {
			isa = PBXContainerItemProxy;
			containerPortal = 13176E531B2E33F70029680E /* Project object */;
			proxyType = 1;
			remoteGlobalIDString = 13176E5A1B2E33F70029680E;
			remoteInfo = Postcard;
		};
/* End PBXContainerItemProxy section */

/* Begin PBXFileReference section */
		13176E5B1B2E33F70029680E /* Postcard.app */ = {isa = PBXFileReference; explicitFileType = wrapper.application; includeInIndex = 0; path = Postcard.app; sourceTree = BUILT_PRODUCTS_DIR; };
		13176E5F1B2E33F70029680E /* Info.plist */ = {isa = PBXFileReference; lastKnownFileType = text.plist.xml; path = Info.plist; sourceTree = "<group>"; };
		13176E601B2E33F70029680E /* AppDelegate.swift */ = {isa = PBXFileReference; lastKnownFileType = sourcecode.swift; path = AppDelegate.swift; sourceTree = "<group>"; };
		13176E621B2E33F70029680E /* ViewController.swift */ = {isa = PBXFileReference; lastKnownFileType = sourcecode.swift; path = ViewController.swift; sourceTree = "<group>"; };
		13176E651B2E33F70029680E /* Base */ = {isa = PBXFileReference; lastKnownFileType = file.storyboard; name = Base; path = Base.lproj/Main.storyboard; sourceTree = "<group>"; };
		13176E671B2E33F70029680E /* Images.xcassets */ = {isa = PBXFileReference; lastKnownFileType = folder.assetcatalog; path = Images.xcassets; sourceTree = "<group>"; };
		13176E6A1B2E33F70029680E /* Base */ = {isa = PBXFileReference; lastKnownFileType = file.xib; name = Base; path = Base.lproj/LaunchScreen.xib; sourceTree = "<group>"; };
		13176E701B2E33F70029680E /* PostcardTests.xctest */ = {isa = PBXFileReference; explicitFileType = wrapper.cfbundle; includeInIndex = 0; path = PostcardTests.xctest; sourceTree = BUILT_PRODUCTS_DIR; };
		13176E751B2E33F70029680E /* Info.plist */ = {isa = PBXFileReference; lastKnownFileType = text.plist.xml; path = Info.plist; sourceTree = "<group>"; };
		13176E761B2E33F70029680E /* PostcardTests.swift */ = {isa = PBXFileReference; lastKnownFileType = sourcecode.swift; path = PostcardTests.swift; sourceTree = "<group>"; };
/* End PBXFileReference section */

/* Begin PBXFrameworksBuildPhase section */
		13176E581B2E33F70029680E /* Frameworks */ = {
			isa = PBXFrameworksBuildPhase;
			buildActionMask = 2147483647;
			files = (
			);
			runOnlyForDeploymentPostprocessing = 0;
		};
		13176E6D1B2E33F70029680E /* Frameworks */ = {
			isa = PBXFrameworksBuildPhase;
			buildActionMask = 2147483647;
			files = (
			);
			runOnlyForDeploymentPostprocessing = 0;
		};
/* End PBXFrameworksBuildPhase section */

/* Begin PBXGroup section */
		13176E521B2E33F70029680E = {
			isa = PBXGroup;
			children = (
				13176E5D1B2E33F70029680E /* Postcard */,
				13176E731B2E33F70029680E /* PostcardTests */,
				13176E5C1B2E33F70029680E /* Products */,
			);
			sourceTree = "<group>";
		};
		13176E5C1B2E33F70029680E /* Products */ = {
			isa = PBXGroup;
			children = (
				13176E5B1B2E33F70029680E /* Postcard.app */,
				13176E701B2E33F70029680E /* PostcardTests.xctest */,
			);
			name = Products;
			sourceTree = "<group>";
		};
		13176E5D1B2E33F70029680E /* Postcard */ = {
			isa = PBXGroup;
			children = (
				13176E601B2E33F70029680E /* AppDelegate.swift */,
				13176E621B2E33F70029680E /* ViewController.swift */,
				13176E641B2E33F70029680E /* Main.storyboard */,
				13176E671B2E33F70029680E /* Images.xcassets */,
				13176E691B2E33F70029680E /* LaunchScreen.xib */,
				13176E5E1B2E33F70029680E /* Supporting Files */,
			);
			path = Postcard;
			sourceTree = "<group>";
		};
		13176E5E1B2E33F70029680E /* Supporting Files */ = {
			isa = PBXGroup;
			children = (
				13176E5F1B2E33F70029680E /* Info.plist */,
			);
			name = "Supporting Files";
			sourceTree = "<group>";
		};
		13176E731B2E33F70029680E /* PostcardTests */ = {
			isa = PBXGroup;
			children = (
				13176E761B2E33F70029680E /* PostcardTests.swift */,
				13176E741B2E33F70029680E /* Supporting Files */,
			);
			path = PostcardTests;
			sourceTree = "<group>";
		};
		13176E741B2E33F70029680E /* Supporting Files */ = {
			isa = PBXGroup;
			children = (
				13176E751B2E33F70029680E /* Info.plist */,
			);
			name = "Supporting Files";
			sourceTree = "<group>";
		};
/* End PBXGroup section */

/* Begin PBXNativeTarget section */
		13176E5A1B2E33F70029680E /* Postcard */ = {
			isa = PBXNativeTarget;
			buildConfigurationList = 13176E7A1B2E33F70029680E /* Build configuration list for PBXNativeTarget "Postcard" */;
			buildPhases = (
				13176E571B2E33F70029680E /* Sources */,
				13176E581B2E33F70029680E /* Frameworks */,
				13176E591B2E33F70029680E /* Resources */,
			);
			buildRules = (
			);
			dependencies = (
			);
			name = Postcard;
			productName = Postcard;
			productReference = 13176E5B1B2E33F70029680E /* Postcard.app */;
			productType = "com.apple.product-type.application";
		};
		13176E6F1B2E33F70029680E /* PostcardTests */ = {
			isa = PBXNativeTarget;
			buildConfigurationList = 13176E7D1B2E33F70029680E /* Build configuration list for PBXNativeTarget "PostcardTests" */;
			buildPhases = (
				13176E6C1B2E33F70029680E /* Sources */,
				13176E6D1B2E33F70029680E /* Frameworks */,
				13176E6E1B2E33F70029680E /* Resources */,
			);
			buildRules = (
			);
			dependencies = (
				13176E721B2E33F70029680E /* PBXTargetDependency */,
			);
			name = PostcardTests;
			productName = PostcardTests;
			productReference = 13176E701B2E33F70029680E /* PostcardTests.xctest */;
			productType = "com.apple.product-type.bundle.unit-test";
		};
/* End PBXNativeTarget section */

/* Begin PBXProject section */
		13176E531B2E33F70029680E /* Project object */ = {
			isa = PBXProject;
			attributes = {
				LastUpgradeCheck = 0630;
				ORGANIZATIONNAME = "web engineering cortese";
				TargetAttributes = {
					13176E5A1B2E33F70029680E = {
						CreatedOnToolsVersion = 6.3.2;
					};
					13176E6F1B2E33F70029680E = {
						CreatedOnToolsVersion = 6.3.2;
						TestTargetID = 13176E5A1B2E33F70029680E;
					};
				};
			};
			buildConfigurationList = 13176E561B2E33F70029680E /* Build configuration list for PBXProject "Postcard" */;
			compatibilityVersion = "Xcode 3.2";
			developmentRegion = English;
			hasScannedForEncodings = 0;
			knownRegions = (
				en,
				Base,
			);
			mainGroup = 13176E521B2E33F70029680E;
			productRefGroup = 13176E5C1B2E33F70029680E /* Products */;
			projectDirPath = "";
			projectRoot = "";
			targets = (
				13176E5A1B2E33F70029680E /* Postcard */,
				13176E6F1B2E33F70029680E /* PostcardTests */,
			);
		};
/* End PBXProject section */

/* Begin PBXResourcesBuildPhase section */
		13176E591B2E33F70029680E /* Resources */ = {
			isa = PBXResourcesBuildPhase;
			buildActionMask = 2147483647;
			files = (
				13176E661B2E33F70029680E /* Main.storyboard in Resources */,
				13176E6B1B2E33F70029680E /* LaunchScreen.xib in Resources */,
				13176E681B2E33F70029680E /* Images.xcassets in Resources */,
			);
			runOnlyForDeploymentPostprocessing = 0;
		};
		13176E6E1B2E33F70029680E /* Resources */ = {
			isa = PBXResourcesBuildPhase;
			buildActionMask = 2147483647;
			files = (
			);
			runOnlyForDeploymentPostprocessing = 0;
		};
/* End PBXResourcesBuildPhase section */

/* Begin PBXSourcesBuildPhase section */
		13176E571B2E33F70029680E /* Sources */ = {
			isa = PBXSourcesBuildPhase;
			buildActionMask = 2147483647;
			files = (
				13176E631B2E33F70029680E /* ViewController.swift in Sources */,
				13176E611B2E33F70029680E /* AppDelegate.swift in Sources */,
			);
			runOnlyForDeploymentPostprocessing = 0;
		};
		13176E6C1B2E33F70029680E /* Sources */ = {
			isa = PBXSourcesBuildPhase;
			buildActionMask = 2147483647;
			files = (
				13176E771B2E33F70029680E /* PostcardTests.swift in Sources */,
			);
			runOnlyForDeploymentPostprocessing = 0;
		};
/* End PBXSourcesBuildPhase section */

/* Begin PBXTargetDependency section */
		13176E721B2E33F70029680E /* PBXTargetDependency */ = {
			isa = PBXTargetDependency;
			target = 13176E5A1B2E33F70029680E /* Postcard */;
			targetProxy = 13176E711B2E33F70029680E /* PBXContainerItemProxy */;
		};
/* End PBXTargetDependency section */

/* Begin PBXVariantGroup section */
		13176E641B2E33F70029680E /* Main.storyboard */ = {
			isa = PBXVariantGroup;
			children = (
				13176E651B2E33F70029680E /* Base */,
			);
			name = Main.storyboard;
			sourceTree = "<group>";
		};
		13176E691B2E33F70029680E /* LaunchScreen.xib */ = {
			isa = PBXVariantGroup;
			children = (
				13176E6A1B2E33F70029680E /* Base */,
			);
			name = LaunchScreen.xib;
			sourceTree = "<group>";
		};
/* End PBXVariantGroup section */

/* Begin XCBuildConfiguration section */
		13176E781B2E33F70029680E /* Debug */ = {
			isa = XCBuildConfiguration;
			buildSettings = {
				ALWAYS_SEARCH_USER_PATHS = NO;
				CLANG_CXX_LANGUAGE_STANDARD = "gnu++0x";
				CLANG_CXX_LIBRARY = "libc++";
				CLANG_ENABLE_MODULES = YES;
				CLANG_ENABLE_OBJC_ARC = YES;
				CLANG_WARN_BOOL_CONVERSION = YES;
				CLANG_WARN_CONSTANT_CONVERSION = YES;
				CLANG_WARN_DIRECT_OBJC_ISA_USAGE = YES_ERROR;
				CLANG_WARN_EMPTY_BODY = YES;
				CLANG_WARN_ENUM_CONVERSION = YES;
				CLANG_WARN_INT_CONVERSION = YES;
				CLANG_WARN_OBJC_ROOT_CLASS = YES_ERROR;
				CLANG_WARN_UNREACHABLE_CODE = YES;
				CLANG_WARN__DUPLICATE_METHOD_MATCH = YES;
				"CODE_SIGN_IDENTITY[sdk=iphoneos*]" = "iPhone Developer";
				COPY_PHASE_STRIP = NO;
				DEBUG_INFORMATION_FORMAT = "dwarf-with-dsym";
				ENABLE_STRICT_OBJC_MSGSEND = YES;
				GCC_C_LANGUAGE_STANDARD = gnu99;
				GCC_DYNAMIC_NO_PIC = NO;
				GCC_NO_COMMON_BLOCKS = YES;
				GCC_OPTIMIZATION_LEVEL = 0;
				GCC_PREPROCESSOR_DEFINITIONS = (
					"DEBUG=1",
					"$(inherited)",
				);
				GCC_SYMBOLS_PRIVATE_EXTERN = NO;
				GCC_WARN_64_TO_32_BIT_CONVERSION = YES;
				GCC_WARN_ABOUT_RETURN_TYPE = YES_ERROR;
				GCC_WARN_UNDECLARED_SELECTOR = YES;
				GCC_WARN_UNINITIALIZED_AUTOS = YES_AGGRESSIVE;
				GCC_WARN_UNUSED_FUNCTION = YES;
				GCC_WARN_UNUSED_VARIABLE = YES;
				IPHONEOS_DEPLOYMENT_TARGET = 8.3;
				MTL_ENABLE_DEBUG_INFO = YES;
				ONLY_ACTIVE_ARCH = YES;
				SDKROOT = iphoneos;
				SWIFT_OPTIMIZATION_LEVEL = "-Onone";
				TARGETED_DEVICE_FAMILY = "1,2";
			};
			name = Debug;
		};
		13176E791B2E33F70029680E /* Release */ = {
			isa = XCBuildConfiguration;
			buildSettings = {
				ALWAYS_SEARCH_USER_PATHS = NO;
				CLANG_CXX_LANGUAGE_STANDARD = "gnu++0x";
				CLANG_CXX_LIBRARY = "libc++";
				CLANG_ENABLE_MODULES = YES;
				CLANG_ENABLE_OBJC_ARC = YES;
				CLANG_WARN_BOOL_CONVERSION = YES;
				CLANG_WARN_CONSTANT_CONVERSION = YES;
				CLANG_WARN_DIRECT_OBJC_ISA_USAGE = YES_ERROR;
				CLANG_WARN_EMPTY_BODY = YES;
				CLANG_WARN_ENUM_CONVERSION = YES;
				CLANG_WARN_INT_CONVERSION = YES;
				CLANG_WARN_OBJC_ROOT_CLASS = YES_ERROR;
				CLANG_WARN_UNREACHABLE_CODE = YES;
				CLANG_WARN__DUPLICATE_METHOD_MATCH = YES;
				"CODE_SIGN_IDENTITY[sdk=iphoneos*]" = "iPhone Developer";
				COPY_PHASE_STRIP = NO;
				DEBUG_INFORMATION_FORMAT = "dwarf-with-dsym";
				ENABLE_NS_ASSERTIONS = NO;
				ENABLE_STRICT_OBJC_MSGSEND = YES;
				GCC_C_LANGUAGE_STANDARD = gnu99;
				GCC_NO_COMMON_BLOCKS = YES;
				GCC_WARN_64_TO_32_BIT_CONVERSION = YES;
				GCC_WARN_ABOUT_RETURN_TYPE = YES_ERROR;
				GCC_WARN_UNDECLARED_SELECTOR = YES;
				GCC_WARN_UNINITIALIZED_AUTOS = YES_AGGRESSIVE;
				GCC_WARN_UNUSED_FUNCTION = YES;
				GCC_WARN_UNUSED_VARIABLE = YES;
				IPHONEOS_DEPLOYMENT_TARGET = 8.3;
				MTL_ENABLE_DEBUG_INFO = NO;
				SDKROOT = iphoneos;
				TARGETED_DEVICE_FAMILY = "1,2";
				VALIDATE_PRODUCT = YES;
			};
			name = Release;
		};
		13176E7B1B2E33F70029680E /* Debug */ = {
			isa = XCBuildConfiguration;
			buildSettings = {
				ASSETCATALOG_COMPILER_APPICON_NAME = AppIcon;
				INFOPLIST_FILE = Postcard/Info.plist;
				LD_RUNPATH_SEARCH_PATHS = "$(inherited) @executable_path/Frameworks";
				PRODUCT_NAME = "$(TARGET_NAME)";
			};
			name = Debug;
		};
		13176E7C1B2E33F70029680E /* Release */ = {
			isa = XCBuildConfiguration;
			buildSettings = {
				ASSETCATALOG_COMPILER_APPICON_NAME = AppIcon;
				INFOPLIST_FILE = Postcard/Info.plist;
				LD_RUNPATH_SEARCH_PATHS = "$(inherited) @executable_path/Frameworks";
				PRODUCT_NAME = "$(TARGET_NAME)";
			};
			name = Release;
		};
		13176E7E1B2E33F70029680E /* Debug */ = {
			isa = XCBuildConfiguration;
			buildSettings = {
				BUNDLE_LOADER = "$(TEST_HOST)";
				FRAMEWORK_SEARCH_PATHS = (
					"$(SDKROOT)/Developer/Library/Frameworks",
					"$(inherited)",
				);
				GCC_PREPROCESSOR_DEFINITIONS = (
					"DEBUG=1",
					"$(inherited)",
				);
				INFOPLIST_FILE = PostcardTests/Info.plist;
				LD_RUNPATH_SEARCH_PATHS = "$(inherited) @executable_path/Frameworks @loader_path/Frameworks";
				PRODUCT_NAME = "$(TARGET_NAME)";
				TEST_HOST = "$(BUILT_PRODUCTS_DIR)/Postcard.app/Postcard";
			};
			name = Debug;
		};
		13176E7F1B2E33F70029680E /* Release */ = {
			isa = XCBuildConfiguration;
			buildSettings = {
				BUNDLE_LOADER = "$(TEST_HOST)";
				FRAMEWORK_SEARCH_PATHS = (
					"$(SDKROOT)/Developer/Library/Frameworks",
					"$(inherited)",
				);
				INFOPLIST_FILE = PostcardTests/Info.plist;
				LD_RUNPATH_SEARCH_PATHS = "$(inherited) @executable_path/Frameworks @loader_path/Frameworks";
				PRODUCT_NAME = "$(TARGET_NAME)";
				TEST_HOST = "$(BUILT_PRODUCTS_DIR)/Postcard.app/Postcard";
			};
			name = Release;
		};
/* End XCBuildConfiguration section */

/* Begin XCConfigurationList section */
		13176E561B2E33F70029680E /* Build configuration list for PBXProject "Postcard" */ = {
			isa = XCConfigurationList;
			buildConfigurations = (
				13176E781B2E33F70029680E /* Debug */,
				13176E791B2E33F70029680E /* Release */,
			);
			defaultConfigurationIsVisible = 0;
			defaultConfigurationName = Release;
		};
		13176E7A1B2E33F70029680E /* Build configuration list for PBXNativeTarget "Postcard" */ = {
			isa = XCConfigurationList;
			buildConfigurations = (
				13176E7B1B2E33F70029680E /* Debug */,
				13176E7C1B2E33F70029680E /* Release */,
			);
			defaultConfigurationIsVisible = 0;
		};
		13176E7D1B2E33F70029680E /* Build configuration list for PBXNativeTarget "PostcardTests" */ = {
			isa = XCConfigurationList;
			buildConfigurations = (
				13176E7E1B2E33F70029680E /* Debug */,
				13176E7F1B2E33F70029680E /* Release */,
			);
			defaultConfigurationIsVisible = 0;
		};
/* End XCConfigurationList section */
	};
	rootObject = 13176E531B2E33F70029680E /* Project object */;
}
